
Microsoft Visual Studio Solution File, Format Version 12.00
# Visual Studio Version 16
VisualStudioVersion = 25.0.1703.7
MinimumVisualStudioVersion = 10.0.40219.1
Project("{FAE04EC0-301F-11D3-BF4B-00C04F79EFBC}") = "backend", "backend\backend.csproj", "{59FAB431-9788-4A68-897B-1E5320878458}"
EndProject
Global
	GlobalSection(SolutionConfigurationPlatforms) = preSolution
		Debug|Any CPU = Debug|Any CPU
		Release|Any CPU = Release|Any CPU
	EndGlobalSection
	GlobalSection(ProjectConfigurationPlatforms) = postSolution
		{59FAB431-9788-4A68-897B-1E5320878458}.Debug|Any CPU.ActiveCfg = Debug|Any CPU
		{59FAB431-9788-4A68-897B-1E5320878458}.Debug|Any CPU.Build.0 = Debug|Any CPU
		{59FAB431-9788-4A68-897B-1E5320878458}.Release|Any CPU.ActiveCfg = Release|Any CPU
		{59FAB431-9788-4A68-897B-1E5320878458}.Release|Any CPU.Build.0 = Release|Any CPU
	EndGlobalSection
	GlobalSection(SolutionProperties) = preSolution
		HideSolutionNode = FALSE
	EndGlobalSection
	GlobalSection(ExtensibilityGlobals) = postSolution
		SolutionGuid = {4460EA7F-9544-4BC7-96CA-A454D6BADB54}
	EndGlobalSection
EndGlobal
